// !$*UTF8*$!
{
	archiveVersion = 1;
	classes = {
	};
	objectVersion = 50;
	objects = {

/* Begin PBXBuildFile section */
		FB42BE1A25A60DE40018127E /* AppDelegate.swift in Sources */ = {isa = PBXBuildFile; fileRef = FB42BE1925A60DE40018127E /* AppDelegate.swift */; };
		FB42BE1C25A60DE40018127E /* art.scnassets in Resources */ = {isa = PBXBuildFile; fileRef = FB42BE1B25A60DE40018127E /* art.scnassets */; };
		FB42BE1E25A60DE40018127E /* ViewController.swift in Sources */ = {isa = PBXBuildFile; fileRef = FB42BE1D25A60DE40018127E /* ViewController.swift */; };
		FB42BE2125A60DE40018127E /* Main.storyboard in Resources */ = {isa = PBXBuildFile; fileRef = FB42BE1F25A60DE40018127E /* Main.storyboard */; };
		FB42BE2325A60DE50018127E /* Assets.xcassets in Resources */ = {isa = PBXBuildFile; fileRef = FB42BE2225A60DE50018127E /* Assets.xcassets */; };
		FB42BE2625A60DE50018127E /* LaunchScreen.storyboard in Resources */ = {isa = PBXBuildFile; fileRef = FB42BE2425A60DE50018127E /* LaunchScreen.storyboard */; };
		FB48462A25A8BDFB00CABAD8 /* TheDiamondArm.mp4 in Resources */ = {isa = PBXBuildFile; fileRef = FB48462925A8BDFB00CABAD8 /* TheDiamondArm.mp4 */; };
		FB48463325A8C5B800CABAD8 /* PresedentAcademy.mp4 in Resources */ = {isa = PBXBuildFile; fileRef = FB48463225A8C5B800CABAD8 /* PresedentAcademy.mp4 */; };
		FB48463725A8C64900CABAD8 /* Biathlon.mp4 in Resources */ = {isa = PBXBuildFile; fileRef = FB48463625A8C64900CABAD8 /* Biathlon.mp4 */; };
/* End PBXBuildFile section */

/* Begin PBXFileReference section */
		FB42BE1625A60DE40018127E /* MagicPaper.app */ = {isa = PBXFileReference; explicitFileType = wrapper.application; includeInIndex = 0; path = MagicPaper.app; sourceTree = BUILT_PRODUCTS_DIR; };
		FB42BE1925A60DE40018127E /* AppDelegate.swift */ = {isa = PBXFileReference; lastKnownFileType = sourcecode.swift; path = AppDelegate.swift; sourceTree = "<group>"; };
		FB42BE1B25A60DE40018127E /* art.scnassets */ = {isa = PBXFileReference; lastKnownFileType = wrapper.scnassets; path = art.scnassets; sourceTree = "<group>"; };
		FB42BE1D25A60DE40018127E /* ViewController.swift */ = {isa = PBXFileReference; lastKnownFileType = sourcecode.swift; path = ViewController.swift; sourceTree = "<group>"; };
		FB42BE2025A60DE40018127E /* Base */ = {isa = PBXFileReference; lastKnownFileType = file.storyboard; name = Base; path = Base.lproj/Main.storyboard; sourceTree = "<group>"; };
		FB42BE2225A60DE50018127E /* Assets.xcassets */ = {isa = PBXFileReference; lastKnownFileType = folder.assetcatalog; path = Assets.xcassets; sourceTree = "<group>"; };
		FB42BE2525A60DE50018127E /* Base */ = {isa = PBXFileReference; lastKnownFileType = file.storyboard; name = Base; path = Base.lproj/LaunchScreen.storyboard; sourceTree = "<group>"; };
		FB42BE2725A60DE50018127E /* Info.plist */ = {isa = PBXFileReference; lastKnownFileType = text.plist.xml; path = Info.plist; sourceTree = "<group>"; };
		FB48462925A8BDFB00CABAD8 /* TheDiamondArm.mp4 */ = {isa = PBXFileReference; lastKnownFileType = file; name = TheDiamondArm.mp4; path = "../../../For projects/Newspaper/App/TheDiamondArm.mp4"; sourceTree = "<group>"; };
		FB48463225A8C5B800CABAD8 /* PresedentAcademy.mp4 */ = {isa = PBXFileReference; lastKnownFileType = file; name = PresedentAcademy.mp4; path = "../../../For projects/Newspaper/App/PresedentAcademy.mp4"; sourceTree = "<group>"; };
		FB48463625A8C64900CABAD8 /* Biathlon.mp4 */ = {isa = PBXFileReference; lastKnownFileType = file; path = Biathlon.mp4; sourceTree = "<group>"; };
/* End PBXFileReference section */

/* Begin PBXFrameworksBuildPhase section */
		FB42BE1325A60DE40018127E /* Frameworks */ = {
			isa = PBXFrameworksBuildPhase;
			buildActionMask = 2147483647;
			files = (
			);
			runOnlyForDeploymentPostprocessing = 0;
		};
/* End PBXFrameworksBuildPhase section */

/* Begin PBXGroup section */
		FB42BE0D25A60DE40018127E = {
			isa = PBXGroup;
			children = (
				FB42BE1825A60DE40018127E /* MagicPaper */,
				FB42BE1725A60DE40018127E /* Products */,
			);
			sourceTree = "<group>";
		};
		FB42BE1725A60DE40018127E /* Products */ = {
			isa = PBXGroup;
			children = (
				FB42BE1625A60DE40018127E /* MagicPaper.app */,
			);
			name = Products;
			sourceTree = "<group>";
		};
		FB42BE1825A60DE40018127E /* MagicPaper */ = {
			isa = PBXGroup;
			children = (
				FB48462925A8BDFB00CABAD8 /* TheDiamondArm.mp4 */,
				FB48463625A8C64900CABAD8 /* Biathlon.mp4 */,
				FB48463225A8C5B800CABAD8 /* PresedentAcademy.mp4 */,
				FB42BE1925A60DE40018127E /* AppDelegate.swift */,
				FB42BE1B25A60DE40018127E /* art.scnassets */,
				FB42BE1D25A60DE40018127E /* ViewController.swift */,
				FB42BE1F25A60DE40018127E /* Main.storyboard */,
				FB42BE2225A60DE50018127E /* Assets.xcassets */,
				FB42BE2425A60DE50018127E /* LaunchScreen.storyboard */,
				FB42BE2725A60DE50018127E /* Info.plist */,
			);
			path = MagicPaper;
			sourceTree = "<group>";
		};
/* End PBXGroup section */

/* Begin PBXNativeTarget section */
		FB42BE1525A60DE40018127E /* MagicPaper */ = {
			isa = PBXNativeTarget;
			buildConfigurationList = FB42BE2A25A60DE50018127E /* Build configuration list for PBXNativeTarget "MagicPaper" */;
			buildPhases = (
				FB42BE1225A60DE40018127E /* Sources */,
				FB42BE1325A60DE40018127E /* Frameworks */,
				FB42BE1425A60DE40018127E /* Resources */,
			);
			buildRules = (
			);
			dependencies = (
			);
			name = MagicPaper;
			productName = MagicPaper;
			productReference = FB42BE1625A60DE40018127E /* MagicPaper.app */;
			productType = "com.apple.product-type.application";
		};
/* End PBXNativeTarget section */

/* Begin PBXProject section */
		FB42BE0E25A60DE40018127E /* Project object */ = {
			isa = PBXProject;
			attributes = {
				LastSwiftUpdateCheck = 1230;
				LastUpgradeCheck = 1230;
				TargetAttributes = {
					FB42BE1525A60DE40018127E = {
						CreatedOnToolsVersion = 12.3;
					};
				};
			};
			buildConfigurationList = FB42BE1125A60DE40018127E /* Build configuration list for PBXProject "MagicPaper" */;
			compatibilityVersion = "Xcode 9.3";
			developmentRegion = en;
			hasScannedForEncodings = 0;
			knownRegions = (
				en,
				Base,
			);
			mainGroup = FB42BE0D25A60DE40018127E;
			productRefGroup = FB42BE1725A60DE40018127E /* Products */;
			projectDirPath = "";
			projectRoot = "";
			targets = (
				FB42BE1525A60DE40018127E /* MagicPaper */,
			);
		};
/* End PBXProject section */

/* Begin PBXResourcesBuildPhase section */
		FB42BE1425A60DE40018127E /* Resources */ = {
			isa = PBXResourcesBuildPhase;
			buildActionMask = 2147483647;
			files = (
				FB42BE1C25A60DE40018127E /* art.scnassets in Resources */,
				FB48463325A8C5B800CABAD8 /* PresedentAcademy.mp4 in Resources */,
				FB48463725A8C64900CABAD8 /* Biathlon.mp4 in Resources */,
				FB42BE2625A60DE50018127E /* LaunchScreen.storyboard in Resources */,
				FB48462A25A8BDFB00CABAD8 /* TheDiamondArm.mp4 in Resources */,
				FB42BE2325A60DE50018127E /* Assets.xcassets in Resources */,
				FB42BE2125A60DE40018127E /* Main.storyboard in Resources */,
			);
			runOnlyForDeploymentPostprocessing = 0;
		};
/* End PBXResourcesBuildPhase section */

/* Begin PBXSourcesBuildPhase section */
		FB42BE1225A60DE40018127E /* Sources */ = {
			isa = PBXSourcesBuildPhase;
			buildActionMask = 2147483647;
			files = (
				FB42BE1E25A60DE40018127E /* ViewController.swift in Sources */,
				FB42BE1A25A60DE40018127E /* AppDelegate.swift in Sources */,
			);
			runOnlyForDeploymentPostprocessing = 0;
		};
/* End PBXSourcesBuildPhase section */

/* Begin PBXVariantGroup section */
		FB42BE1F25A60DE40018127E /* Main.storyboard */ = {
			isa = PBXVariantGroup;
			children = (
				FB42BE2025A60DE40018127E /* Base */,
			);
			name = Main.storyboard;
			sourceTree = "<group>";
		};
		FB42BE2425A60DE50018127E /* LaunchScreen.storyboard */ = {
			isa = PBXVariantGroup;
			children = (
				FB42BE2525A60DE50018127E /* Base */,
			);
			name = LaunchScreen.storyboard;
			sourceTree = "<group>";
		};
/* End PBXVariantGroup section */

/* Begin XCBuildConfiguration section */
		FB42BE2825A60DE50018127E /* Debug */ = {
			isa = XCBuildConfiguration;
			buildSettings = {
				ALWAYS_SEARCH_USER_PATHS = NO;
				CLANG_ANALYZER_NONNULL = YES;
				CLANG_ANALYZER_NUMBER_OBJECT_CONVERSION = YES_AGGRESSIVE;
				CLANG_CXX_LANGUAGE_STANDARD = "gnu++14";
				CLANG_CXX_LIBRARY = "libc++";
				CLANG_ENABLE_MODULES = YES;
				CLANG_ENABLE_OBJC_ARC = YES;
				CLANG_ENABLE_OBJC_WEAK = YES;
				CLANG_WARN_BLOCK_CAPTURE_AUTORELEASING = YES;
				CLANG_WARN_BOOL_CONVERSION = YES;
				CLANG_WARN_COMMA = YES;
				CLANG_WARN_CONSTANT_CONVERSION = YES;
				CLANG_WARN_DEPRECATED_OBJC_IMPLEMENTATIONS = YES;
				CLANG_WARN_DIRECT_OBJC_ISA_USAGE = YES_ERROR;
				CLANG_WARN_DOCUMENTATION_COMMENTS = YES;
				CLANG_WARN_EMPTY_BODY = YES;
				CLANG_WARN_ENUM_CONVERSION = YES;
				CLANG_WARN_INFINITE_RECURSION = YES;
				CLANG_WARN_INT_CONVERSION = YES;
				CLANG_WARN_NON_LITERAL_NULL_CONVERSION = YES;
				CLANG_WARN_OBJC_IMPLICIT_RETAIN_SELF = YES;
				CLANG_WARN_OBJC_LITERAL_CONVERSION = YES;
				CLANG_WARN_OBJC_ROOT_CLASS = YES_ERROR;
				CLANG_WARN_QUOTED_INCLUDE_IN_FRAMEWORK_HEADER = YES;
				CLANG_WARN_RANGE_LOOP_ANALYSIS = YES;
				CLANG_WARN_STRICT_PROTOTYPES = YES;
				CLANG_WARN_SUSPICIOUS_MOVE = YES;
				CLANG_WARN_UNGUARDED_AVAILABILITY = YES_AGGRESSIVE;
				CLANG_WARN_UNREACHABLE_CODE = YES;
				CLANG_WARN__DUPLICATE_METHOD_MATCH = YES;
				COPY_PHASE_STRIP = NO;
				DEBUG_INFORMATION_FORMAT = dwarf;
				ENABLE_STRICT_OBJC_MSGSEND = YES;
				ENABLE_TESTABILITY = YES;
				GCC_C_LANGUAGE_STANDARD = gnu11;
				GCC_DYNAMIC_NO_PIC = NO;
				GCC_NO_COMMON_BLOCKS = YES;
				GCC_OPTIMIZATION_LEVEL = 0;
				GCC_PREPROCESSOR_DEFINITIONS = (
					"DEBUG=1",
					"$(inherited)",
				);
				GCC_WARN_64_TO_32_BIT_CONVERSION = YES;
				GCC_WARN_ABOUT_RETURN_TYPE = YES_ERROR;
				GCC_WARN_UNDECLARED_SELECTOR = YES;
				GCC_WARN_UNINITIALIZED_AUTOS = YES_AGGRESSIVE;
				GCC_WARN_UNUSED_FUNCTION = YES;
				GCC_WARN_UNUSED_VARIABLE = YES;
				IPHONEOS_DEPLOYMENT_TARGET = 14.3;
				MTL_ENABLE_DEBUG_INFO = INCLUDE_SOURCE;
				MTL_FAST_MATH = YES;
				ONLY_ACTIVE_ARCH = YES;
				SDKROOT = iphoneos;
				SWIFT_ACTIVE_COMPILATION_CONDITIONS = DEBUG;
				SWIFT_OPTIMIZATION_LEVEL = "-Onone";
			};
			name = Debug;
		};
		FB42BE2925A60DE50018127E /* Release */ = {
			isa = XCBuildConfiguration;
			buildSettings = {
				ALWAYS_SEARCH_USER_PATHS = NO;
				CLANG_ANALYZER_NONNULL = YES;
				CLANG_ANALYZER_NUMBER_OBJECT_CONVERSION = YES_AGGRESSIVE;
				CLANG_CXX_LANGUAGE_STANDARD = "gnu++14";
				CLANG_CXX_LIBRARY = "libc++";
				CLANG_ENABLE_MODULES = YES;
				CLANG_ENABLE_OBJC_ARC = YES;
				CLANG_ENABLE_OBJC_WEAK = YES;
				CLANG_WARN_BLOCK_CAPTURE_AUTORELEASING = YES;
				CLANG_WARN_BOOL_CONVERSION = YES;
				CLANG_WARN_COMMA = YES;
				CLANG_WARN_CONSTANT_CONVERSION = YES;
				CLANG_WARN_DEPRECATED_OBJC_IMPLEMENTATIONS = YES;
				CLANG_WARN_DIRECT_OBJC_ISA_USAGE = YES_ERROR;
				CLANG_WARN_DOCUMENTATION_COMMENTS = YES;
				CLANG_WARN_EMPTY_BODY = YES;
				CLANG_WARN_ENUM_CONVERSION = YES;
				CLANG_WARN_INFINITE_RECURSION = YES;
				CLANG_WARN_INT_CONVERSION = YES;
				CLANG_WARN_NON_LITERAL_NULL_CONVERSION = YES;
				CLANG_WARN_OBJC_IMPLICIT_RETAIN_SELF = YES;
				CLANG_WARN_OBJC_LITERAL_CONVERSION = YES;
				CLANG_WARN_OBJC_ROOT_CLASS = YES_ERROR;
				CLANG_WARN_QUOTED_INCLUDE_IN_FRAMEWORK_HEADER = YES;
				CLANG_WARN_RANGE_LOOP_ANALYSIS = YES;
				CLANG_WARN_STRICT_PROTOTYPES = YES;
				CLANG_WARN_SUSPICIOUS_MOVE = YES;
				CLANG_WARN_UNGUARDED_AVAILABILITY = YES_AGGRESSIVE;
				CLANG_WARN_UNREACHABLE_CODE = YES;
				CLANG_WARN__DUPLICATE_METHOD_MATCH = YES;
				COPY_PHASE_STRIP = NO;
				DEBUG_INFORMATION_FORMAT = "dwarf-with-dsym";
				ENABLE_NS_ASSERTIONS = NO;
				ENABLE_STRICT_OBJC_MSGSEND = YES;
				GCC_C_LANGUAGE_STANDARD = gnu11;
				GCC_NO_COMMON_BLOCKS = YES;
				GCC_WARN_64_TO_32_BIT_CONVERSION = YES;
				GCC_WARN_ABOUT_RETURN_TYPE = YES_ERROR;
				GCC_WARN_UNDECLARED_SELECTOR = YES;
				GCC_WARN_UNINITIALIZED_AUTOS = YES_AGGRESSIVE;
				GCC_WARN_UNUSED_FUNCTION = YES;
				GCC_WARN_UNUSED_VARIABLE = YES;
				IPHONEOS_DEPLOYMENT_TARGET = 14.3;
				MTL_ENABLE_DEBUG_INFO = NO;
				MTL_FAST_MATH = YES;
				SDKROOT = iphoneos;
				SWIFT_COMPILATION_MODE = wholemodule;
				SWIFT_OPTIMIZATION_LEVEL = "-O";
				VALIDATE_PRODUCT = YES;
			};
			name = Release;
		};
		FB42BE2B25A60DE50018127E /* Debug */ = {
			isa = XCBuildConfiguration;
			buildSettings = {
				ASSETCATALOG_COMPILER_APPICON_NAME = AppIcon;
				ASSETCATALOG_COMPILER_GLOBAL_ACCENT_COLOR_NAME = AccentColor;
				CODE_SIGN_STYLE = Automatic;
				DEVELOPMENT_TEAM = V2P88DAU6T;
				INFOPLIST_FILE = MagicPaper/Info.plist;
				IPHONEOS_DEPLOYMENT_TARGET = 13.1;
				LD_RUNPATH_SEARCH_PATHS = (
					"$(inherited)",
					"@executable_path/Frameworks",
				);
				PRODUCT_BUNDLE_IDENTIFIER = "Dmitry-Kirichenko.MagicPaper";
				PRODUCT_NAME = "$(TARGET_NAME)";
				SWIFT_VERSION = 5.0;
				TARGETED_DEVICE_FAMILY = "1,2";
			};
			name = Debug;
		};
		FB42BE2C25A60DE50018127E /* Release */ = {
			isa = XCBuildConfiguration;
			buildSettings = {
				ASSETCATALOG_COMPILER_APPICON_NAME = AppIcon;
				ASSETCATALOG_COMPILER_GLOBAL_ACCENT_COLOR_NAME = AccentColor;
				CODE_SIGN_STYLE = Automatic;
				DEVELOPMENT_TEAM = V2P88DAU6T;
				INFOPLIST_FILE = MagicPaper/Info.plist;
				IPHONEOS_DEPLOYMENT_TARGET = 13.1;
				LD_RUNPATH_SEARCH_PATHS = (
					"$(inherited)",
					"@executable_path/Frameworks",
				);
				PRODUCT_BUNDLE_IDENTIFIER = "Dmitry-Kirichenko.MagicPaper";
				PRODUCT_NAME = "$(TARGET_NAME)";
				SWIFT_VERSION = 5.0;
				TARGETED_DEVICE_FAMILY = "1,2";
			};
			name = Release;
		};
/* End XCBuildConfiguration section */

/* Begin XCConfigurationList section */
		FB42BE1125A60DE40018127E /* Build configuration list for PBXProject "MagicPaper" */ = {
			isa = XCConfigurationList;
			buildConfigurations = (
				FB42BE2825A60DE50018127E /* Debug */,
				FB42BE2925A60DE50018127E /* Release */,
			);
			defaultConfigurationIsVisible = 0;
			defaultConfigurationName = Release;
		};
		FB42BE2A25A60DE50018127E /* Build configuration list for PBXNativeTarget "MagicPaper" */ = {
			isa = XCConfigurationList;
			buildConfigurations = (
				FB42BE2B25A60DE50018127E /* Debug */,
				FB42BE2C25A60DE50018127E /* Release */,
			);
			defaultConfigurationIsVisible = 0;
			defaultConfigurationName = Release;
		};
/* End XCConfigurationList section */
	};
	rootObject = FB42BE0E25A60DE40018127E /* Project object */;
}
